<?xml version="1.0" encoding="utf-8"?>
<Project ToolsVersion="4.0" xmlns="http://schemas.microsoft.com/developer/msbuild/2003">
  <ItemGroup>
    <ClCompile Include="applicationrunner.cpp" />
    <ClCompile Include="binarycomposer.cpp" />
    <ClCompile Include="error.cpp" />
    <ClCompile Include="stdafx.cpp" />
    <ClCompile Include="string.cpp" />
    <ClCompile Include="network.cpp" />
    <ClCompile Include="guid.cpp" />
    <ClCompile Include="wmi\connection.cpp">
      <Filter>wmi</Filter>
    </ClCompile>
    <ClCompile Include="wmi\eventdispatcher.cpp">
      <Filter>wmi</Filter>
    </ClCompile>
    <ClCompile Include="wmi\methodcall.cpp">
      <Filter>wmi</Filter>
    </ClCompile>
    <ClCompile Include="wmi\notification.cpp">
      <Filter>wmi</Filter>
    </ClCompile>
    <ClCompile Include="wmi\resultset.cpp">
      <Filter>wmi</Filter>
    </ClCompile>
    <ClCompile Include="com.cpp" />
    <ClCompile Include="serialization\deserializer.cpp">
      <Filter>serialization</Filter>
    </ClCompile>
    <ClCompile Include="serialization\serializer.cpp">
      <Filter>serialization</Filter>
    </ClCompile>
    <ClCompile Include="wmi\wmi.cpp">
      <Filter>wmi</Filter>
    </ClCompile>
    <ClCompile Include="filesystem.cpp" />
    <ClCompile Include="trace\consoletracesink.cpp">
      <Filter>trace</Filter>
    </ClCompile>
    <ClCompile Include="trace\filetracesink.cpp">
      <Filter>trace</Filter>
    </ClCompile>
    <ClCompile Include="trace\trace.cpp">
      <Filter>trace</Filter>
    </ClCompile>
    <ClCompile Include="fileenumerator.cpp" />
    <ClCompile Include="security.cpp" />
    <ClCompile Include="process.cpp" />
  </ItemGroup>
  <ItemGroup>
    <ClInclude Include="applicationrunner.h" />
    <ClInclude Include="binarycomposer.h" />
    <ClInclude Include="buffer.h" />
    <ClInclude Include="error.h" />
    <ClInclude Include="math.h" />
    <ClInclude Include="memory.h" />
    <ClInclude Include="stdafx.h" />
    <ClInclude Include="string.h" />
    <ClInclude Include="targetver.h" />
    <ClInclude Include="network.h" />
    <ClInclude Include="guid.h" />
    <ClInclude Include="wmi\connection.h">
      <Filter>wmi</Filter>
    </ClInclude>
    <ClInclude Include="wmi\eventdispatcher.h">
      <Filter>wmi</Filter>
    </ClInclude>
    <ClInclude Include="wmi\iconnection.h">
      <Filter>wmi</Filter>
    </ClInclude>
    <ClInclude Include="wmi\ieventsink.h">
      <Filter>wmi</Filter>
    </ClInclude>
    <ClInclude Include="wmi\methodcall.h">
      <Filter>wmi</Filter>
    </ClInclude>
    <ClInclude Include="wmi\notification.h">
      <Filter>wmi</Filter>
    </ClInclude>
    <ClInclude Include="wmi\resultset.h">
      <Filter>wmi</Filter>
    </ClInclude>
    <ClInclude Include="com.h" />
    <ClInclude Include="serialization\deserializer.h">
      <Filter>serialization</Filter>
    </ClInclude>
    <ClInclude Include="serialization\serializer.h">
      <Filter>serialization</Filter>
    </ClInclude>
    <ClInclude Include="serialization\typetag.h">
      <Filter>serialization</Filter>
    </ClInclude>
    <ClInclude Include="wmi\wmi.h">
      <Filter>wmi</Filter>
    </ClInclude>
    <ClInclude Include="filesystem.h" />
    <ClInclude Include="macroargument.h" />
    <ClInclude Include="trace\consoletracesink.h">
      <Filter>trace</Filter>
    </ClInclude>
    <ClInclude Include="trace\filetracesink.h">
      <Filter>trace</Filter>
    </ClInclude>
    <ClInclude Include="trace\itracesink.h">
      <Filter>trace</Filter>
    </ClInclude>
    <ClInclude Include="trace\trace.h">
      <Filter>trace</Filter>
    </ClInclude>
    <ClInclude Include="trace\xtrace.h">
      <Filter>trace</Filter>
    </ClInclude>
    <ClInclude Include="fileenumerator.h" />
    <ClInclude Include="security.h" />
    <ClInclude Include="process.h" />
  </ItemGroup>
  <ItemGroup>
    <Filter Include="wmi">
      <UniqueIdentifier>{9a3a5217-31b9-472e-afac-6f5d57b93565}</UniqueIdentifier>
    </Filter>
    <Filter Include="serialization">
      <UniqueIdentifier>{60530505-2146-473a-92fc-9c1883cfaa88}</UniqueIdentifier>
    </Filter>
    <Filter Include="trace">
      <UniqueIdentifier>{0c82bd88-7f1d-4a6c-b5e7-440e9b5dc96a}</UniqueIdentifier>
    </Filter>
  </ItemGroup>
</Project>